// !$*UTF8*$!
{
	archiveVersion = 1;
	classes = {
	};
	objectVersion = 50;
	objects = {

/* Begin PBXBuildFile section */
		DBEA7DC724624DAF00D3162D /* AppDelegate.swift in Sources */ = {isa = PBXBuildFile; fileRef = DBEA7DC624624DAF00D3162D /* AppDelegate.swift */; };
		DBEA7DC924624DAF00D3162D /* SceneDelegate.swift in Sources */ = {isa = PBXBuildFile; fileRef = DBEA7DC824624DAF00D3162D /* SceneDelegate.swift */; };
		DBEA7DCB24624DAF00D3162D /* ViewController.swift in Sources */ = {isa = PBXBuildFile; fileRef = DBEA7DCA24624DAF00D3162D /* ViewController.swift */; };
		DBEA7DCE24624DAF00D3162D /* Main.storyboard in Resources */ = {isa = PBXBuildFile; fileRef = DBEA7DCC24624DAF00D3162D /* Main.storyboard */; };
		DBEA7DD024624DB500D3162D /* Assets.xcassets in Resources */ = {isa = PBXBuildFile; fileRef = DBEA7DCF24624DB500D3162D /* Assets.xcassets */; };
		DBEA7DD324624DB500D3162D /* LaunchScreen.storyboard in Resources */ = {isa = PBXBuildFile; fileRef = DBEA7DD124624DB500D3162D /* LaunchScreen.storyboard */; };
/* End PBXBuildFile section */

/* Begin PBXFileReference section */
		DBEA7DC324624DAF00D3162D /* WarCardGame.app */ = {isa = PBXFileReference; explicitFileType = wrapper.application; includeInIndex = 0; path = WarCardGame.app; sourceTree = BUILT_PRODUCTS_DIR; };
		DBEA7DC624624DAF00D3162D /* AppDelegate.swift */ = {isa = PBXFileReference; lastKnownFileType = sourcecode.swift; path = AppDelegate.swift; sourceTree = "<group>"; };
		DBEA7DC824624DAF00D3162D /* SceneDelegate.swift */ = {isa = PBXFileReference; lastKnownFileType = sourcecode.swift; path = SceneDelegate.swift; sourceTree = "<group>"; };
		DBEA7DCA24624DAF00D3162D /* ViewController.swift */ = {isa = PBXFileReference; lastKnownFileType = sourcecode.swift; path = ViewController.swift; sourceTree = "<group>"; };
		DBEA7DCD24624DAF00D3162D /* Base */ = {isa = PBXFileReference; lastKnownFileType = file.storyboard; name = Base; path = Base.lproj/Main.storyboard; sourceTree = "<group>"; };
		DBEA7DCF24624DB500D3162D /* Assets.xcassets */ = {isa = PBXFileReference; lastKnownFileType = folder.assetcatalog; path = Assets.xcassets; sourceTree = "<group>"; };
		DBEA7DD224624DB500D3162D /* Base */ = {isa = PBXFileReference; lastKnownFileType = file.storyboard; name = Base; path = Base.lproj/LaunchScreen.storyboard; sourceTree = "<group>"; };
		DBEA7DD424624DB500D3162D /* Info.plist */ = {isa = PBXFileReference; lastKnownFileType = text.plist.xml; path = Info.plist; sourceTree = "<group>"; };
/* End PBXFileReference section */

/* Begin PBXFrameworksBuildPhase section */
		DBEA7DC024624DAF00D3162D /* Frameworks */ = {
			isa = PBXFrameworksBuildPhase;
			buildActionMask = 2147483647;
			files = (
			);
			runOnlyForDeploymentPostprocessing = 0;
		};
/* End PBXFrameworksBuildPhase section */

/* Begin PBXGroup section */
		DBEA7DBA24624DAF00D3162D = {
			isa = PBXGroup;
			children = (
				DBEA7DC524624DAF00D3162D /* WarCardGame */,
				DBEA7DC424624DAF00D3162D /* Products */,
			);
			sourceTree = "<group>";
		};
		DBEA7DC424624DAF00D3162D /* Products */ = {
			isa = PBXGroup;
			children = (
				DBEA7DC324624DAF00D3162D /* WarCardGame.app */,
			);
			name = Products;
			sourceTree = "<group>";
		};
		DBEA7DC524624DAF00D3162D /* WarCardGame */ = {
			isa = PBXGroup;
			children = (
				DBEA7DC624624DAF00D3162D /* AppDelegate.swift */,
				DBEA7DC824624DAF00D3162D /* SceneDelegate.swift */,
				DBEA7DCA24624DAF00D3162D /* ViewController.swift */,
				DBEA7DCC24624DAF00D3162D /* Main.storyboard */,
				DBEA7DCF24624DB500D3162D /* Assets.xcassets */,
				DBEA7DD124624DB500D3162D /* LaunchScreen.storyboard */,
				DBEA7DD424624DB500D3162D /* Info.plist */,
			);
			path = WarCardGame;
			sourceTree = "<group>";
		};
/* End PBXGroup section */

/* Begin PBXNativeTarget section */
		DBEA7DC224624DAF00D3162D /* WarCardGame */ = {
			isa = PBXNativeTarget;
			buildConfigurationList = DBEA7DD724624DB500D3162D /* Build configuration list for PBXNativeTarget "WarCardGame" */;
			buildPhases = (
				DBEA7DBF24624DAF00D3162D /* Sources */,
				DBEA7DC024624DAF00D3162D /* Frameworks */,
				DBEA7DC124624DAF00D3162D /* Resources */,
			);
			buildRules = (
			);
			dependencies = (
			);
			name = WarCardGame;
			productName = WarCardGame;
			productReference = DBEA7DC324624DAF00D3162D /* WarCardGame.app */;
			productType = "com.apple.product-type.application";
		};
/* End PBXNativeTarget section */

/* Begin PBXProject section */
		DBEA7DBB24624DAF00D3162D /* Project object */ = {
			isa = PBXProject;
			attributes = {
				LastSwiftUpdateCheck = 1140;
				LastUpgradeCheck = 1140;
				ORGANIZATIONNAME = Nusantarian;
				TargetAttributes = {
					DBEA7DC224624DAF00D3162D = {
						CreatedOnToolsVersion = 11.4.1;
					};
				};
			};
			buildConfigurationList = DBEA7DBE24624DAF00D3162D /* Build configuration list for PBXProject "WarCardGame" */;
			compatibilityVersion = "Xcode 9.3";
			developmentRegion = en;
			hasScannedForEncodings = 0;
			knownRegions = (
				en,
				Base,
			);
			mainGroup = DBEA7DBA24624DAF00D3162D;
			productRefGroup = DBEA7DC424624DAF00D3162D /* Products */;
			projectDirPath = "";
			projectRoot = "";
			targets = (
				DBEA7DC224624DAF00D3162D /* WarCardGame */,
			);
		};
/* End PBXProject section */

/* Begin PBXResourcesBuildPhase section */
		DBEA7DC124624DAF00D3162D /* Resources */ = {
			isa = PBXResourcesBuildPhase;
			buildActionMask = 2147483647;
			files = (
				DBEA7DD324624DB500D3162D /* LaunchScreen.storyboard in Resources */,
				DBEA7DD024624DB500D3162D /* Assets.xcassets in Resources */,
				DBEA7DCE24624DAF00D3162D /* Main.storyboard in Resources */,
			);
			runOnlyForDeploymentPostprocessing = 0;
		};
/* End PBXResourcesBuildPhase section */

/* Begin PBXSourcesBuildPhase section */
		DBEA7DBF24624DAF00D3162D /* Sources */ = {
			isa = PBXSourcesBuildPhase;
			buildActionMask = 2147483647;
			files = (
				DBEA7DCB24624DAF00D3162D /* ViewController.swift in Sources */,
				DBEA7DC724624DAF00D3162D /* AppDelegate.swift in Sources */,
				DBEA7DC924624DAF00D3162D /* SceneDelegate.swift in Sources */,
			);
			runOnlyForDeploymentPostprocessing = 0;
		};
/* End PBXSourcesBuildPhase section */

/* Begin PBXVariantGroup section */
		DBEA7DCC24624DAF00D3162D /* Main.storyboard */ = {
			isa = PBXVariantGroup;
			children = (
				DBEA7DCD24624DAF00D3162D /* Base */,
			);
			name = Main.storyboard;
			sourceTree = "<group>";
		};
		DBEA7DD124624DB500D3162D /* LaunchScreen.storyboard */ = {
			isa = PBXVariantGroup;
			children = (
				DBEA7DD224624DB500D3162D /* Base */,
			);
			name = LaunchScreen.storyboard;
			sourceTree = "<group>";
		};
/* End PBXVariantGroup section */

/* Begin XCBuildConfiguration section */
		DBEA7DD524624DB500D3162D /* Debug */ = {
			isa = XCBuildConfiguration;
			buildSettings = {
				ALWAYS_SEARCH_USER_PATHS = NO;
				CLANG_ANALYZER_NONNULL = YES;
				CLANG_ANALYZER_NUMBER_OBJECT_CONVERSION = YES_AGGRESSIVE;
				CLANG_CXX_LANGUAGE_STANDARD = "gnu++14";
				CLANG_CXX_LIBRARY = "libc++";
				CLANG_ENABLE_MODULES = YES;
				CLANG_ENABLE_OBJC_ARC = YES;
				CLANG_ENABLE_OBJC_WEAK = YES;
				CLANG_WARN_BLOCK_CAPTURE_AUTORELEASING = YES;
				CLANG_WARN_BOOL_CONVERSION = YES;
				CLANG_WARN_COMMA = YES;
				CLANG_WARN_CONSTANT_CONVERSION = YES;
				CLANG_WARN_DEPRECATED_OBJC_IMPLEMENTATIONS = YES;
				CLANG_WARN_DIRECT_OBJC_ISA_USAGE = YES_ERROR;
				CLANG_WARN_DOCUMENTATION_COMMENTS = YES;
				CLANG_WARN_EMPTY_BODY = YES;
				CLANG_WARN_ENUM_CONVERSION = YES;
				CLANG_WARN_INFINITE_RECURSION = YES;
				CLANG_WARN_INT_CONVERSION = YES;
				CLANG_WARN_NON_LITERAL_NULL_CONVERSION = YES;
				CLANG_WARN_OBJC_IMPLICIT_RETAIN_SELF = YES;
				CLANG_WARN_OBJC_LITERAL_CONVERSION = YES;
				CLANG_WARN_OBJC_ROOT_CLASS = YES_ERROR;
				CLANG_WARN_RANGE_LOOP_ANALYSIS = YES;
				CLANG_WARN_STRICT_PROTOTYPES = YES;
				CLANG_WARN_SUSPICIOUS_MOVE = YES;
				CLANG_WARN_UNGUARDED_AVAILABILITY = YES_AGGRESSIVE;
				CLANG_WARN_UNREACHABLE_CODE = YES;
				CLANG_WARN__DUPLICATE_METHOD_MATCH = YES;
				COPY_PHASE_STRIP = NO;
				DEBUG_INFORMATION_FORMAT = dwarf;
				ENABLE_STRICT_OBJC_MSGSEND = YES;
				ENABLE_TESTABILITY = YES;
				GCC_C_LANGUAGE_STANDARD = gnu11;
				GCC_DYNAMIC_NO_PIC = NO;
				GCC_NO_COMMON_BLOCKS = YES;
				GCC_OPTIMIZATION_LEVEL = 0;
				GCC_PREPROCESSOR_DEFINITIONS = (
					"DEBUG=1",
					"$(inherited)",
				);
				GCC_WARN_64_TO_32_BIT_CONVERSION = YES;
				GCC_WARN_ABOUT_RETURN_TYPE = YES_ERROR;
				GCC_WARN_UNDECLARED_SELECTOR = YES;
				GCC_WARN_UNINITIALIZED_AUTOS = YES_AGGRESSIVE;
				GCC_WARN_UNUSED_FUNCTION = YES;
				GCC_WARN_UNUSED_VARIABLE = YES;
				IPHONEOS_DEPLOYMENT_TARGET = 13.4;
				MTL_ENABLE_DEBUG_INFO = INCLUDE_SOURCE;
				MTL_FAST_MATH = YES;
				ONLY_ACTIVE_ARCH = YES;
				SDKROOT = iphoneos;
				SWIFT_ACTIVE_COMPILATION_CONDITIONS = DEBUG;
				SWIFT_OPTIMIZATION_LEVEL = "-Onone";
			};
			name = Debug;
		};
		DBEA7DD624624DB500D3162D /* Release */ = {
			isa = XCBuildConfiguration;
			buildSettings = {
				ALWAYS_SEARCH_USER_PATHS = NO;
				CLANG_ANALYZER_NONNULL = YES;
				CLANG_ANALYZER_NUMBER_OBJECT_CONVERSION = YES_AGGRESSIVE;
				CLANG_CXX_LANGUAGE_STANDARD = "gnu++14";
				CLANG_CXX_LIBRARY = "libc++";
				CLANG_ENABLE_MODULES = YES;
				CLANG_ENABLE_OBJC_ARC = YES;
				CLANG_ENABLE_OBJC_WEAK = YES;
				CLANG_WARN_BLOCK_CAPTURE_AUTORELEASING = YES;
				CLANG_WARN_BOOL_CONVERSION = YES;
				CLANG_WARN_COMMA = YES;
				CLANG_WARN_CONSTANT_CONVERSION = YES;
				CLANG_WARN_DEPRECATED_OBJC_IMPLEMENTATIONS = YES;
				CLANG_WARN_DIRECT_OBJC_ISA_USAGE = YES_ERROR;
				CLANG_WARN_DOCUMENTATION_COMMENTS = YES;
				CLANG_WARN_EMPTY_BODY = YES;
				CLANG_WARN_ENUM_CONVERSION = YES;
				CLANG_WARN_INFINITE_RECURSION = YES;
				CLANG_WARN_INT_CONVERSION = YES;
				CLANG_WARN_NON_LITERAL_NULL_CONVERSION = YES;
				CLANG_WARN_OBJC_IMPLICIT_RETAIN_SELF = YES;
				CLANG_WARN_OBJC_LITERAL_CONVERSION = YES;
				CLANG_WARN_OBJC_ROOT_CLASS = YES_ERROR;
				CLANG_WARN_RANGE_LOOP_ANALYSIS = YES;
				CLANG_WARN_STRICT_PROTOTYPES = YES;
				CLANG_WARN_SUSPICIOUS_MOVE = YES;
				CLANG_WARN_UNGUARDED_AVAILABILITY = YES_AGGRESSIVE;
				CLANG_WARN_UNREACHABLE_CODE = YES;
				CLANG_WARN__DUPLICATE_METHOD_MATCH = YES;
				COPY_PHASE_STRIP = NO;
				DEBUG_INFORMATION_FORMAT = "dwarf-with-dsym";
				ENABLE_NS_ASSERTIONS = NO;
				ENABLE_STRICT_OBJC_MSGSEND = YES;
				GCC_C_LANGUAGE_STANDARD = gnu11;
				GCC_NO_COMMON_BLOCKS = YES;
				GCC_WARN_64_TO_32_BIT_CONVERSION = YES;
				GCC_WARN_ABOUT_RETURN_TYPE = YES_ERROR;
				GCC_WARN_UNDECLARED_SELECTOR = YES;
				GCC_WARN_UNINITIALIZED_AUTOS = YES_AGGRESSIVE;
				GCC_WARN_UNUSED_FUNCTION = YES;
				GCC_WARN_UNUSED_VARIABLE = YES;
				IPHONEOS_DEPLOYMENT_TARGET = 13.4;
				MTL_ENABLE_DEBUG_INFO = NO;
				MTL_FAST_MATH = YES;
				SDKROOT = iphoneos;
				SWIFT_COMPILATION_MODE = wholemodule;
				SWIFT_OPTIMIZATION_LEVEL = "-O";
				VALIDATE_PRODUCT = YES;
			};
			name = Release;
		};
		DBEA7DD824624DB500D3162D /* Debug */ = {
			isa = XCBuildConfiguration;
			buildSettings = {
				ASSETCATALOG_COMPILER_APPICON_NAME = AppIcon;
				CODE_SIGN_STYLE = Automatic;
				DEVELOPMENT_TEAM = 4VS8P3JBH9;
				INFOPLIST_FILE = WarCardGame/Info.plist;
				LD_RUNPATH_SEARCH_PATHS = (
					"$(inherited)",
					"@executable_path/Frameworks",
				);
				PRODUCT_BUNDLE_IDENTIFIER = com.nusantarian.WarCardGame;
				PRODUCT_NAME = "$(TARGET_NAME)";
				SWIFT_VERSION = 5.0;
				TARGETED_DEVICE_FAMILY = "1,2";
			};
			name = Debug;
		};
		DBEA7DD924624DB500D3162D /* Release */ = {
			isa = XCBuildConfiguration;
			buildSettings = {
				ASSETCATALOG_COMPILER_APPICON_NAME = AppIcon;
				CODE_SIGN_STYLE = Automatic;
				DEVELOPMENT_TEAM = 4VS8P3JBH9;
				INFOPLIST_FILE = WarCardGame/Info.plist;
				LD_RUNPATH_SEARCH_PATHS = (
					"$(inherited)",
					"@executable_path/Frameworks",
				);
				PRODUCT_BUNDLE_IDENTIFIER = com.nusantarian.WarCardGame;
				PRODUCT_NAME = "$(TARGET_NAME)";
				SWIFT_VERSION = 5.0;
				TARGETED_DEVICE_FAMILY = "1,2";
			};
			name = Release;
		};
/* End XCBuildConfiguration section */

/* Begin XCConfigurationList section */
		DBEA7DBE24624DAF00D3162D /* Build configuration list for PBXProject "WarCardGame" */ = {
			isa = XCConfigurationList;
			buildConfigurations = (
				DBEA7DD524624DB500D3162D /* Debug */,
				DBEA7DD624624DB500D3162D /* Release */,
			);
			defaultConfigurationIsVisible = 0;
			defaultConfigurationName = Release;
		};
		DBEA7DD724624DB500D3162D /* Build configuration list for PBXNativeTarget "WarCardGame" */ = {
			isa = XCConfigurationList;
			buildConfigurations = (
				DBEA7DD824624DB500D3162D /* Debug */,
				DBEA7DD924624DB500D3162D /* Release */,
			);
			defaultConfigurationIsVisible = 0;
			defaultConfigurationName = Release;
		};
/* End XCConfigurationList section */
	};
	rootObject = DBEA7DBB24624DAF00D3162D /* Project object */;
}
